// !$*UTF8*$!
{
	archiveVersion = 1;
	classes = {
	};
	objectVersion = 55;
	objects = {

/* Begin PBXBuildFile section */
		A4818AC6283FE85400580581 /* AppDelegate.swift in Sources */ = {isa = PBXBuildFile; fileRef = A4818AC5283FE85400580581 /* AppDelegate.swift */; };
		A4818AC8283FE85400580581 /* SceneDelegate.swift in Sources */ = {isa = PBXBuildFile; fileRef = A4818AC7283FE85400580581 /* SceneDelegate.swift */; };
		A4818ACA283FE85400580581 /* ContactTableViewController.swift in Sources */ = {isa = PBXBuildFile; fileRef = A4818AC9283FE85400580581 /* ContactTableViewController.swift */; };
		A4818ACD283FE85400580581 /* Main.storyboard in Resources */ = {isa = PBXBuildFile; fileRef = A4818ACB283FE85400580581 /* Main.storyboard */; };
		A4818AD0283FE85400580581 /* ContactApp.xcdatamodeld in Sources */ = {isa = PBXBuildFile; fileRef = A4818ACE283FE85400580581 /* ContactApp.xcdatamodeld */; };
		A4818AD2283FE85600580581 /* Assets.xcassets in Resources */ = {isa = PBXBuildFile; fileRef = A4818AD1283FE85600580581 /* Assets.xcassets */; };
		A4818AD5283FE85600580581 /* LaunchScreen.storyboard in Resources */ = {isa = PBXBuildFile; fileRef = A4818AD3283FE85600580581 /* LaunchScreen.storyboard */; };
		A4818ADE283FE89A00580581 /* UserListItem+CoreDataClass.swift in Sources */ = {isa = PBXBuildFile; fileRef = A4818ADC283FE89A00580581 /* UserListItem+CoreDataClass.swift */; };
		A4818ADF283FE89A00580581 /* UserListItem+CoreDataProperties.swift in Sources */ = {isa = PBXBuildFile; fileRef = A4818ADD283FE89A00580581 /* UserListItem+CoreDataProperties.swift */; };
		A4818AE328400F2D00580581 /* ContactViewController.swift in Sources */ = {isa = PBXBuildFile; fileRef = A4818AE228400F2D00580581 /* ContactViewController.swift */; };
/* End PBXBuildFile section */

/* Begin PBXFileReference section */
		A4818AC2283FE85400580581 /* ContactApp.app */ = {isa = PBXFileReference; explicitFileType = wrapper.application; includeInIndex = 0; path = ContactApp.app; sourceTree = BUILT_PRODUCTS_DIR; };
		A4818AC5283FE85400580581 /* AppDelegate.swift */ = {isa = PBXFileReference; lastKnownFileType = sourcecode.swift; path = AppDelegate.swift; sourceTree = "<group>"; };
		A4818AC7283FE85400580581 /* SceneDelegate.swift */ = {isa = PBXFileReference; lastKnownFileType = sourcecode.swift; path = SceneDelegate.swift; sourceTree = "<group>"; };
		A4818AC9283FE85400580581 /* ContactTableViewController.swift */ = {isa = PBXFileReference; lastKnownFileType = sourcecode.swift; path = ContactTableViewController.swift; sourceTree = "<group>"; };
		A4818ACC283FE85400580581 /* Base */ = {isa = PBXFileReference; lastKnownFileType = file.storyboard; name = Base; path = Base.lproj/Main.storyboard; sourceTree = "<group>"; };
		A4818ACF283FE85400580581 /* ContactApp.xcdatamodel */ = {isa = PBXFileReference; lastKnownFileType = wrapper.xcdatamodel; path = ContactApp.xcdatamodel; sourceTree = "<group>"; };
		A4818AD1283FE85600580581 /* Assets.xcassets */ = {isa = PBXFileReference; lastKnownFileType = folder.assetcatalog; path = Assets.xcassets; sourceTree = "<group>"; };
		A4818AD4283FE85600580581 /* Base */ = {isa = PBXFileReference; lastKnownFileType = file.storyboard; name = Base; path = Base.lproj/LaunchScreen.storyboard; sourceTree = "<group>"; };
		A4818AD6283FE85600580581 /* Info.plist */ = {isa = PBXFileReference; lastKnownFileType = text.plist.xml; path = Info.plist; sourceTree = "<group>"; };
		A4818ADC283FE89A00580581 /* UserListItem+CoreDataClass.swift */ = {isa = PBXFileReference; lastKnownFileType = sourcecode.swift; path = "UserListItem+CoreDataClass.swift"; sourceTree = "<group>"; };
		A4818ADD283FE89A00580581 /* UserListItem+CoreDataProperties.swift */ = {isa = PBXFileReference; lastKnownFileType = sourcecode.swift; path = "UserListItem+CoreDataProperties.swift"; sourceTree = "<group>"; };
		A4818AE228400F2D00580581 /* ContactViewController.swift */ = {isa = PBXFileReference; lastKnownFileType = sourcecode.swift; path = ContactViewController.swift; sourceTree = "<group>"; };
/* End PBXFileReference section */

/* Begin PBXFrameworksBuildPhase section */
		A4818ABF283FE85400580581 /* Frameworks */ = {
			isa = PBXFrameworksBuildPhase;
			buildActionMask = 2147483647;
			files = (
			);
			runOnlyForDeploymentPostprocessing = 0;
		};
/* End PBXFrameworksBuildPhase section */

/* Begin PBXGroup section */
		A4818AB9283FE85400580581 = {
			isa = PBXGroup;
			children = (
				A4818AE1283FE8AE00580581 /* UserListItem */,
				A4818AC4283FE85400580581 /* ContactApp */,
				A4818AC3283FE85400580581 /* Products */,
			);
			sourceTree = "<group>";
		};
		A4818AC3283FE85400580581 /* Products */ = {
			isa = PBXGroup;
			children = (
				A4818AC2283FE85400580581 /* ContactApp.app */,
			);
			name = Products;
			sourceTree = "<group>";
		};
		A4818AC4283FE85400580581 /* ContactApp */ = {
			isa = PBXGroup;
			children = (
				A4818AC5283FE85400580581 /* AppDelegate.swift */,
				A4818AC7283FE85400580581 /* SceneDelegate.swift */,
				A4818AC9283FE85400580581 /* ContactTableViewController.swift */,
				A4818ACB283FE85400580581 /* Main.storyboard */,
				A4818AD1283FE85600580581 /* Assets.xcassets */,
				A4818AD3283FE85600580581 /* LaunchScreen.storyboard */,
				A4818AD6283FE85600580581 /* Info.plist */,
				A4818ACE283FE85400580581 /* ContactApp.xcdatamodeld */,
				A4818AE228400F2D00580581 /* ContactViewController.swift */,
			);
			path = ContactApp;
			sourceTree = "<group>";
		};
		A4818AE1283FE8AE00580581 /* UserListItem */ = {
			isa = PBXGroup;
			children = (
				A4818ADC283FE89A00580581 /* UserListItem+CoreDataClass.swift */,
				A4818ADD283FE89A00580581 /* UserListItem+CoreDataProperties.swift */,
			);
			path = UserListItem;
			sourceTree = "<group>";
		};
/* End PBXGroup section */

/* Begin PBXNativeTarget section */
		A4818AC1283FE85400580581 /* ContactApp */ = {
			isa = PBXNativeTarget;
			buildConfigurationList = A4818AD9283FE85600580581 /* Build configuration list for PBXNativeTarget "ContactApp" */;
			buildPhases = (
				A4818ABE283FE85400580581 /* Sources */,
				A4818ABF283FE85400580581 /* Frameworks */,
				A4818AC0283FE85400580581 /* Resources */,
			);
			buildRules = (
			);
			dependencies = (
			);
			name = ContactApp;
			productName = ContactApp;
			productReference = A4818AC2283FE85400580581 /* ContactApp.app */;
			productType = "com.apple.product-type.application";
		};
/* End PBXNativeTarget section */

/* Begin PBXProject section */
		A4818ABA283FE85400580581 /* Project object */ = {
			isa = PBXProject;
			attributes = {
				BuildIndependentTargetsInParallel = 1;
				LastSwiftUpdateCheck = 1320;
				LastUpgradeCheck = 1320;
				TargetAttributes = {
					A4818AC1283FE85400580581 = {
						CreatedOnToolsVersion = 13.2.1;
					};
				};
			};
			buildConfigurationList = A4818ABD283FE85400580581 /* Build configuration list for PBXProject "ContactApp" */;
			compatibilityVersion = "Xcode 13.0";
			developmentRegion = en;
			hasScannedForEncodings = 0;
			knownRegions = (
				en,
				Base,
			);
			mainGroup = A4818AB9283FE85400580581;
			productRefGroup = A4818AC3283FE85400580581 /* Products */;
			projectDirPath = "";
			projectRoot = "";
			targets = (
				A4818AC1283FE85400580581 /* ContactApp */,
			);
		};
/* End PBXProject section */

/* Begin PBXResourcesBuildPhase section */
		A4818AC0283FE85400580581 /* Resources */ = {
			isa = PBXResourcesBuildPhase;
			buildActionMask = 2147483647;
			files = (
				A4818AD5283FE85600580581 /* LaunchScreen.storyboard in Resources */,
				A4818AD2283FE85600580581 /* Assets.xcassets in Resources */,
				A4818ACD283FE85400580581 /* Main.storyboard in Resources */,
			);
			runOnlyForDeploymentPostprocessing = 0;
		};
/* End PBXResourcesBuildPhase section */

/* Begin PBXSourcesBuildPhase section */
		A4818ABE283FE85400580581 /* Sources */ = {
			isa = PBXSourcesBuildPhase;
			buildActionMask = 2147483647;
			files = (
				A4818ADE283FE89A00580581 /* UserListItem+CoreDataClass.swift in Sources */,
				A4818AE328400F2D00580581 /* ContactViewController.swift in Sources */,
				A4818AD0283FE85400580581 /* ContactApp.xcdatamodeld in Sources */,
				A4818ACA283FE85400580581 /* ContactTableViewController.swift in Sources */,
				A4818ADF283FE89A00580581 /* UserListItem+CoreDataProperties.swift in Sources */,
				A4818AC6283FE85400580581 /* AppDelegate.swift in Sources */,
				A4818AC8283FE85400580581 /* SceneDelegate.swift in Sources */,
			);
			runOnlyForDeploymentPostprocessing = 0;
		};
/* End PBXSourcesBuildPhase section */

/* Begin PBXVariantGroup section */
		A4818ACB283FE85400580581 /* Main.storyboard */ = {
			isa = PBXVariantGroup;
			children = (
				A4818ACC283FE85400580581 /* Base */,
			);
			name = Main.storyboard;
			sourceTree = "<group>";
		};
		A4818AD3283FE85600580581 /* LaunchScreen.storyboard */ = {
			isa = PBXVariantGroup;
			children = (
				A4818AD4283FE85600580581 /* Base */,
			);
			name = LaunchScreen.storyboard;
			sourceTree = "<group>";
		};
/* End PBXVariantGroup section */

/* Begin XCBuildConfiguration section */
		A4818AD7283FE85600580581 /* Debug */ = {
			isa = XCBuildConfiguration;
			buildSettings = {
				ALWAYS_SEARCH_USER_PATHS = NO;
				CLANG_ANALYZER_NONNULL = YES;
				CLANG_ANALYZER_NUMBER_OBJECT_CONVERSION = YES_AGGRESSIVE;
				CLANG_CXX_LANGUAGE_STANDARD = "gnu++17";
				CLANG_CXX_LIBRARY = "libc++";
				CLANG_ENABLE_MODULES = YES;
				CLANG_ENABLE_OBJC_ARC = YES;
				CLANG_ENABLE_OBJC_WEAK = YES;
				CLANG_WARN_BLOCK_CAPTURE_AUTORELEASING = YES;
				CLANG_WARN_BOOL_CONVERSION = YES;
				CLANG_WARN_COMMA = YES;
				CLANG_WARN_CONSTANT_CONVERSION = YES;
				CLANG_WARN_DEPRECATED_OBJC_IMPLEMENTATIONS = YES;
				CLANG_WARN_DIRECT_OBJC_ISA_USAGE = YES_ERROR;
				CLANG_WARN_DOCUMENTATION_COMMENTS = YES;
				CLANG_WARN_EMPTY_BODY = YES;
				CLANG_WARN_ENUM_CONVERSION = YES;
				CLANG_WARN_INFINITE_RECURSION = YES;
				CLANG_WARN_INT_CONVERSION = YES;
				CLANG_WARN_NON_LITERAL_NULL_CONVERSION = YES;
				CLANG_WARN_OBJC_IMPLICIT_RETAIN_SELF = YES;
				CLANG_WARN_OBJC_LITERAL_CONVERSION = YES;
				CLANG_WARN_OBJC_ROOT_CLASS = YES_ERROR;
				CLANG_WARN_QUOTED_INCLUDE_IN_FRAMEWORK_HEADER = YES;
				CLANG_WARN_RANGE_LOOP_ANALYSIS = YES;
				CLANG_WARN_STRICT_PROTOTYPES = YES;
				CLANG_WARN_SUSPICIOUS_MOVE = YES;
				CLANG_WARN_UNGUARDED_AVAILABILITY = YES_AGGRESSIVE;
				CLANG_WARN_UNREACHABLE_CODE = YES;
				CLANG_WARN__DUPLICATE_METHOD_MATCH = YES;
				COPY_PHASE_STRIP = NO;
				DEBUG_INFORMATION_FORMAT = dwarf;
				ENABLE_STRICT_OBJC_MSGSEND = YES;
				ENABLE_TESTABILITY = YES;
				GCC_C_LANGUAGE_STANDARD = gnu11;
				GCC_DYNAMIC_NO_PIC = NO;
				GCC_NO_COMMON_BLOCKS = YES;
				GCC_OPTIMIZATION_LEVEL = 0;
				GCC_PREPROCESSOR_DEFINITIONS = (
					"DEBUG=1",
					"$(inherited)",
				);
				GCC_WARN_64_TO_32_BIT_CONVERSION = YES;
				GCC_WARN_ABOUT_RETURN_TYPE = YES_ERROR;
				GCC_WARN_UNDECLARED_SELECTOR = YES;
				GCC_WARN_UNINITIALIZED_AUTOS = YES_AGGRESSIVE;
				GCC_WARN_UNUSED_FUNCTION = YES;
				GCC_WARN_UNUSED_VARIABLE = YES;
				IPHONEOS_DEPLOYMENT_TARGET = 15.2;
				MTL_ENABLE_DEBUG_INFO = INCLUDE_SOURCE;
				MTL_FAST_MATH = YES;
				ONLY_ACTIVE_ARCH = YES;
				SDKROOT = iphoneos;
				SWIFT_ACTIVE_COMPILATION_CONDITIONS = DEBUG;
				SWIFT_OPTIMIZATION_LEVEL = "-Onone";
			};
			name = Debug;
		};
		A4818AD8283FE85600580581 /* Release */ = {
			isa = XCBuildConfiguration;
			buildSettings = {
				ALWAYS_SEARCH_USER_PATHS = NO;
				CLANG_ANALYZER_NONNULL = YES;
				CLANG_ANALYZER_NUMBER_OBJECT_CONVERSION = YES_AGGRESSIVE;
				CLANG_CXX_LANGUAGE_STANDARD = "gnu++17";
				CLANG_CXX_LIBRARY = "libc++";
				CLANG_ENABLE_MODULES = YES;
				CLANG_ENABLE_OBJC_ARC = YES;
				CLANG_ENABLE_OBJC_WEAK = YES;
				CLANG_WARN_BLOCK_CAPTURE_AUTORELEASING = YES;
				CLANG_WARN_BOOL_CONVERSION = YES;
				CLANG_WARN_COMMA = YES;
				CLANG_WARN_CONSTANT_CONVERSION = YES;
				CLANG_WARN_DEPRECATED_OBJC_IMPLEMENTATIONS = YES;
				CLANG_WARN_DIRECT_OBJC_ISA_USAGE = YES_ERROR;
				CLANG_WARN_DOCUMENTATION_COMMENTS = YES;
				CLANG_WARN_EMPTY_BODY = YES;
				CLANG_WARN_ENUM_CONVERSION = YES;
				CLANG_WARN_INFINITE_RECURSION = YES;
				CLANG_WARN_INT_CONVERSION = YES;
				CLANG_WARN_NON_LITERAL_NULL_CONVERSION = YES;
				CLANG_WARN_OBJC_IMPLICIT_RETAIN_SELF = YES;
				CLANG_WARN_OBJC_LITERAL_CONVERSION = YES;
				CLANG_WARN_OBJC_ROOT_CLASS = YES_ERROR;
				CLANG_WARN_QUOTED_INCLUDE_IN_FRAMEWORK_HEADER = YES;
				CLANG_WARN_RANGE_LOOP_ANALYSIS = YES;
				CLANG_WARN_STRICT_PROTOTYPES = YES;
				CLANG_WARN_SUSPICIOUS_MOVE = YES;
				CLANG_WARN_UNGUARDED_AVAILABILITY = YES_AGGRESSIVE;
				CLANG_WARN_UNREACHABLE_CODE = YES;
				CLANG_WARN__DUPLICATE_METHOD_MATCH = YES;
				COPY_PHASE_STRIP = NO;
				DEBUG_INFORMATION_FORMAT = "dwarf-with-dsym";
				ENABLE_NS_ASSERTIONS = NO;
				ENABLE_STRICT_OBJC_MSGSEND = YES;
				GCC_C_LANGUAGE_STANDARD = gnu11;
				GCC_NO_COMMON_BLOCKS = YES;
				GCC_WARN_64_TO_32_BIT_CONVERSION = YES;
				GCC_WARN_ABOUT_RETURN_TYPE = YES_ERROR;
				GCC_WARN_UNDECLARED_SELECTOR = YES;
				GCC_WARN_UNINITIALIZED_AUTOS = YES_AGGRESSIVE;
				GCC_WARN_UNUSED_FUNCTION = YES;
				GCC_WARN_UNUSED_VARIABLE = YES;
				IPHONEOS_DEPLOYMENT_TARGET = 15.2;
				MTL_ENABLE_DEBUG_INFO = NO;
				MTL_FAST_MATH = YES;
				SDKROOT = iphoneos;
				SWIFT_COMPILATION_MODE = wholemodule;
				SWIFT_OPTIMIZATION_LEVEL = "-O";
				VALIDATE_PRODUCT = YES;
			};
			name = Release;
		};
		A4818ADA283FE85600580581 /* Debug */ = {
			isa = XCBuildConfiguration;
			buildSettings = {
				ASSETCATALOG_COMPILER_APPICON_NAME = AppIcon;
				ASSETCATALOG_COMPILER_GLOBAL_ACCENT_COLOR_NAME = AccentColor;
				CODE_SIGN_STYLE = Automatic;
				CURRENT_PROJECT_VERSION = 1;
				DEVELOPMENT_TEAM = 8TLZ23A858;
				GENERATE_INFOPLIST_FILE = YES;
				INFOPLIST_FILE = ContactApp/Info.plist;
				INFOPLIST_KEY_UIApplicationSupportsIndirectInputEvents = YES;
				INFOPLIST_KEY_UILaunchStoryboardName = Main;
				INFOPLIST_KEY_UIMainStoryboardFile = Main;
				INFOPLIST_KEY_UISupportedInterfaceOrientations_iPad = "UIInterfaceOrientationPortrait UIInterfaceOrientationPortraitUpsideDown UIInterfaceOrientationLandscapeLeft UIInterfaceOrientationLandscapeRight";
				INFOPLIST_KEY_UISupportedInterfaceOrientations_iPhone = "UIInterfaceOrientationPortrait UIInterfaceOrientationLandscapeLeft UIInterfaceOrientationLandscapeRight";
				LD_RUNPATH_SEARCH_PATHS = (
					"$(inherited)",
					"@executable_path/Frameworks",
				);
				MARKETING_VERSION = 1.0;
				PRODUCT_BUNDLE_IDENTIFIER = com.adrian.ContactApp;
				PRODUCT_NAME = "$(TARGET_NAME)";
				SWIFT_EMIT_LOC_STRINGS = YES;
				SWIFT_VERSION = 5.0;
				TARGETED_DEVICE_FAMILY = "1,2";
			};
			name = Debug;
		};
		A4818ADB283FE85600580581 /* Release */ = {
			isa = XCBuildConfiguration;
			buildSettings = {
				ASSETCATALOG_COMPILER_APPICON_NAME = AppIcon;
				ASSETCATALOG_COMPILER_GLOBAL_ACCENT_COLOR_NAME = AccentColor;
				CODE_SIGN_STYLE = Automatic;
				CURRENT_PROJECT_VERSION = 1;
				DEVELOPMENT_TEAM = 8TLZ23A858;
				GENERATE_INFOPLIST_FILE = YES;
				INFOPLIST_FILE = ContactApp/Info.plist;
				INFOPLIST_KEY_UIApplicationSupportsIndirectInputEvents = YES;
				INFOPLIST_KEY_UILaunchStoryboardName = Main;
				INFOPLIST_KEY_UIMainStoryboardFile = Main;
				INFOPLIST_KEY_UISupportedInterfaceOrientations_iPad = "UIInterfaceOrientationPortrait UIInterfaceOrientationPortraitUpsideDown UIInterfaceOrientationLandscapeLeft UIInterfaceOrientationLandscapeRight";
				INFOPLIST_KEY_UISupportedInterfaceOrientations_iPhone = "UIInterfaceOrientationPortrait UIInterfaceOrientationLandscapeLeft UIInterfaceOrientationLandscapeRight";
				LD_RUNPATH_SEARCH_PATHS = (
					"$(inherited)",
					"@executable_path/Frameworks",
				);
				MARKETING_VERSION = 1.0;
				PRODUCT_BUNDLE_IDENTIFIER = com.adrian.ContactApp;
				PRODUCT_NAME = "$(TARGET_NAME)";
				SWIFT_EMIT_LOC_STRINGS = YES;
				SWIFT_VERSION = 5.0;
				TARGETED_DEVICE_FAMILY = "1,2";
			};
			name = Release;
		};
/* End XCBuildConfiguration section */

/* Begin XCConfigurationList section */
		A4818ABD283FE85400580581 /* Build configuration list for PBXProject "ContactApp" */ = {
			isa = XCConfigurationList;
			buildConfigurations = (
				A4818AD7283FE85600580581 /* Debug */,
				A4818AD8283FE85600580581 /* Release */,
			);
			defaultConfigurationIsVisible = 0;
			defaultConfigurationName = Release;
		};
		A4818AD9283FE85600580581 /* Build configuration list for PBXNativeTarget "ContactApp" */ = {
			isa = XCConfigurationList;
			buildConfigurations = (
				A4818ADA283FE85600580581 /* Debug */,
				A4818ADB283FE85600580581 /* Release */,
			);
			defaultConfigurationIsVisible = 0;
			defaultConfigurationName = Release;
		};
/* End XCConfigurationList section */

/* Begin XCVersionGroup section */
		A4818ACE283FE85400580581 /* ContactApp.xcdatamodeld */ = {
			isa = XCVersionGroup;
			children = (
				A4818ACF283FE85400580581 /* ContactApp.xcdatamodel */,
			);
			currentVersion = A4818ACF283FE85400580581 /* ContactApp.xcdatamodel */;
			path = ContactApp.xcdatamodeld;
			sourceTree = "<group>";
			versionGroupType = wrapper.xcdatamodel;
		};
/* End XCVersionGroup section */
	};
	rootObject = A4818ABA283FE85400580581 /* Project object */;
}
